
Microsoft Visual Studio Solution File, Format Version 12.00
# Visual Studio 14
VisualStudioVersion = 14.0.23107.0
MinimumVisualStudioVersion = 10.0.40219.1
Project("{2150E333-8FDC-42A3-9474-1A3956D46DE8}") = "Capitolo 2", "Capitolo 2", "{C78EB622-C69C-4379-B08B-EAB05F286A9E}"
EndProject
Project("{FAE04EC0-301F-11D3-BF4B-00C04F79EFBC}") = "HelloWorld", "Capitolo 2\HelloWorld\HelloWorld.csproj", "{64004E46-92B2-4025-A3F2-CD0C74F9261C}"
EndProject
Project("{FAE04EC0-301F-11D3-BF4B-00C04F79EFBC}") = "MainMultipli", "Capitolo 2\MainMultipli\MainMultipli.csproj", "{EB839CD4-DBDC-4281-AD22-648F63689B8F}"
EndProject
Project("{FAE04EC0-301F-11D3-BF4B-00C04F79EFBC}") = "Using", "Capitolo 2\Using\Using.csproj", "{05F8B98D-1BF9-4F8E-8556-C1CFD8648103}"
EndProject
Project("{2150E333-8FDC-42A3-9474-1A3956D46DE8}") = "Capitolo 3", "Capitolo 3", "{F699F7F9-F2B2-4984-9B52-2F9D363282DE}"
EndProject
Project("{FAE04EC0-301F-11D3-BF4B-00C04F79EFBC}") = "Strutture", "Capitolo 3\Strutture\Strutture.csproj", "{08C4AB97-ECF8-4AB4-A572-3B73384C3568}"
EndProject
Project("{FAE04EC0-301F-11D3-BF4B-00C04F79EFBC}") = "MetodiEstensione", "Capitolo 6\MetodiEstensione\MetodiEstensione.csproj", "{61799C24-083A-478D-94FB-40149C68765E}"
EndProject
Project("{2150E333-8FDC-42A3-9474-1A3956D46DE8}") = "Capitolo 6", "Capitolo 6", "{A07DE2F2-9FDB-475B-BE6E-5C0062CC7DF1}"
EndProject
Project("{2150E333-8FDC-42A3-9474-1A3956D46DE8}") = "Capitolo 8", "Capitolo 8", "{DA38B038-2D35-4B52-88B1-3934604279C2}"
EndProject
Project("{FAE04EC0-301F-11D3-BF4B-00C04F79EFBC}") = "Eccezioni", "Capitolo 8\Eccezioni\Eccezioni.csproj", "{8FFC6E24-F0E6-4A00-8942-5FAE590601AC}"
EndProject
Project("{2150E333-8FDC-42A3-9474-1A3956D46DE8}") = "Capitolo 10", "Capitolo 10", "{DDAB2063-11D5-481D-B566-4D603B0DB7E9}"
EndProject
Project("{FAE04EC0-301F-11D3-BF4B-00C04F79EFBC}") = "HelloWindowsForms", "Capitolo 10\HelloWindowsForms\HelloWindowsForms.csproj", "{9B604B86-B024-40EB-819A-3484C93E35B5}"
EndProject
Global
	GlobalSection(SolutionConfigurationPlatforms) = preSolution
		Debug|Any CPU = Debug|Any CPU
		Release|Any CPU = Release|Any CPU
	EndGlobalSection
	GlobalSection(ProjectConfigurationPlatforms) = postSolution
		{64004E46-92B2-4025-A3F2-CD0C74F9261C}.Debug|Any CPU.ActiveCfg = Debug|Any CPU
		{64004E46-92B2-4025-A3F2-CD0C74F9261C}.Debug|Any CPU.Build.0 = Debug|Any CPU
		{64004E46-92B2-4025-A3F2-CD0C74F9261C}.Release|Any CPU.ActiveCfg = Release|Any CPU
		{64004E46-92B2-4025-A3F2-CD0C74F9261C}.Release|Any CPU.Build.0 = Release|Any CPU
		{EB839CD4-DBDC-4281-AD22-648F63689B8F}.Debug|Any CPU.ActiveCfg = Debug|Any CPU
		{EB839CD4-DBDC-4281-AD22-648F63689B8F}.Debug|Any CPU.Build.0 = Debug|Any CPU
		{EB839CD4-DBDC-4281-AD22-648F63689B8F}.Release|Any CPU.ActiveCfg = Release|Any CPU
		{EB839CD4-DBDC-4281-AD22-648F63689B8F}.Release|Any CPU.Build.0 = Release|Any CPU
		{05F8B98D-1BF9-4F8E-8556-C1CFD8648103}.Debug|Any CPU.ActiveCfg = Debug|Any CPU
		{05F8B98D-1BF9-4F8E-8556-C1CFD8648103}.Debug|Any CPU.Build.0 = Debug|Any CPU
		{05F8B98D-1BF9-4F8E-8556-C1CFD8648103}.Release|Any CPU.ActiveCfg = Release|Any CPU
		{05F8B98D-1BF9-4F8E-8556-C1CFD8648103}.Release|Any CPU.Build.0 = Release|Any CPU
		{08C4AB97-ECF8-4AB4-A572-3B73384C3568}.Debug|Any CPU.ActiveCfg = Debug|Any CPU
		{08C4AB97-ECF8-4AB4-A572-3B73384C3568}.Debug|Any CPU.Build.0 = Debug|Any CPU
		{08C4AB97-ECF8-4AB4-A572-3B73384C3568}.Release|Any CPU.ActiveCfg = Release|Any CPU
		{08C4AB97-ECF8-4AB4-A572-3B73384C3568}.Release|Any CPU.Build.0 = Release|Any CPU
		{61799C24-083A-478D-94FB-40149C68765E}.Debug|Any CPU.ActiveCfg = Debug|Any CPU
		{61799C24-083A-478D-94FB-40149C68765E}.Debug|Any CPU.Build.0 = Debug|Any CPU
		{61799C24-083A-478D-94FB-40149C68765E}.Release|Any CPU.ActiveCfg = Release|Any CPU
		{61799C24-083A-478D-94FB-40149C68765E}.Release|Any CPU.Build.0 = Release|Any CPU
		{8FFC6E24-F0E6-4A00-8942-5FAE590601AC}.Debug|Any CPU.ActiveCfg = Debug|Any CPU
		{8FFC6E24-F0E6-4A00-8942-5FAE590601AC}.Debug|Any CPU.Build.0 = Debug|Any CPU
		{8FFC6E24-F0E6-4A00-8942-5FAE590601AC}.Release|Any CPU.ActiveCfg = Release|Any CPU
		{8FFC6E24-F0E6-4A00-8942-5FAE590601AC}.Release|Any CPU.Build.0 = Release|Any CPU
		{9B604B86-B024-40EB-819A-3484C93E35B5}.Debug|Any CPU.ActiveCfg = Debug|Any CPU
		{9B604B86-B024-40EB-819A-3484C93E35B5}.Debug|Any CPU.Build.0 = Debug|Any CPU
		{9B604B86-B024-40EB-819A-3484C93E35B5}.Release|Any CPU.ActiveCfg = Release|Any CPU
		{9B604B86-B024-40EB-819A-3484C93E35B5}.Release|Any CPU.Build.0 = Release|Any CPU
	EndGlobalSection
	GlobalSection(SolutionProperties) = preSolution
		HideSolutionNode = FALSE
	EndGlobalSection
	GlobalSection(NestedProjects) = preSolution
		{64004E46-92B2-4025-A3F2-CD0C74F9261C} = {C78EB622-C69C-4379-B08B-EAB05F286A9E}
		{EB839CD4-DBDC-4281-AD22-648F63689B8F} = {C78EB622-C69C-4379-B08B-EAB05F286A9E}
		{05F8B98D-1BF9-4F8E-8556-C1CFD8648103} = {C78EB622-C69C-4379-B08B-EAB05F286A9E}
		{08C4AB97-ECF8-4AB4-A572-3B73384C3568} = {F699F7F9-F2B2-4984-9B52-2F9D363282DE}
		{61799C24-083A-478D-94FB-40149C68765E} = {A07DE2F2-9FDB-475B-BE6E-5C0062CC7DF1}
		{8FFC6E24-F0E6-4A00-8942-5FAE590601AC} = {DA38B038-2D35-4B52-88B1-3934604279C2}
		{9B604B86-B024-40EB-819A-3484C93E35B5} = {DDAB2063-11D5-481D-B566-4D603B0DB7E9}
	EndGlobalSection
EndGlobal
