
Microsoft Visual Studio Solution File, Format Version 12.00
# Visual Studio 14
VisualStudioVersion = 14.0.25123.0
MinimumVisualStudioVersion = 10.0.40219.1
Project("{2150E333-8FDC-42A3-9474-1A3956D46DE8}") = "Capitolo 2", "Capitolo 2", "{C78EB622-C69C-4379-B08B-EAB05F286A9E}"
EndProject
Project("{FAE04EC0-301F-11D3-BF4B-00C04F79EFBC}") = "HelloWorld", "Capitolo 2\HelloWorld\HelloWorld.csproj", "{64004E46-92B2-4025-A3F2-CD0C74F9261C}"
EndProject
Project("{FAE04EC0-301F-11D3-BF4B-00C04F79EFBC}") = "MainMultipli", "Capitolo 2\MainMultipli\MainMultipli.csproj", "{EB839CD4-DBDC-4281-AD22-648F63689B8F}"
EndProject
Project("{FAE04EC0-301F-11D3-BF4B-00C04F79EFBC}") = "Using", "Capitolo 2\Using\Using.csproj", "{05F8B98D-1BF9-4F8E-8556-C1CFD8648103}"
EndProject
Project("{2150E333-8FDC-42A3-9474-1A3956D46DE8}") = "Capitolo 3", "Capitolo 3", "{F699F7F9-F2B2-4984-9B52-2F9D363282DE}"
EndProject
Project("{FAE04EC0-301F-11D3-BF4B-00C04F79EFBC}") = "Strutture", "Capitolo 3\Strutture\Strutture.csproj", "{08C4AB97-ECF8-4AB4-A572-3B73384C3568}"
EndProject
Project("{FAE04EC0-301F-11D3-BF4B-00C04F79EFBC}") = "MetodiEstensione", "Capitolo 6\MetodiEstensione\MetodiEstensione.csproj", "{61799C24-083A-478D-94FB-40149C68765E}"
EndProject
Project("{2150E333-8FDC-42A3-9474-1A3956D46DE8}") = "Capitolo 6", "Capitolo 6", "{A07DE2F2-9FDB-475B-BE6E-5C0062CC7DF1}"
EndProject
Project("{2150E333-8FDC-42A3-9474-1A3956D46DE8}") = "Capitolo 8", "Capitolo 8", "{DA38B038-2D35-4B52-88B1-3934604279C2}"
EndProject
Project("{FAE04EC0-301F-11D3-BF4B-00C04F79EFBC}") = "Eccezioni", "Capitolo 8\Eccezioni\Eccezioni.csproj", "{8FFC6E24-F0E6-4A00-8942-5FAE590601AC}"
EndProject
Project("{2150E333-8FDC-42A3-9474-1A3956D46DE8}") = "Capitolo 10", "Capitolo 10", "{DDAB2063-11D5-481D-B566-4D603B0DB7E9}"
EndProject
Project("{FAE04EC0-301F-11D3-BF4B-00C04F79EFBC}") = "HelloWindowsForms", "Capitolo 10\HelloWindowsForms\HelloWindowsForms.csproj", "{9B604B86-B024-40EB-819A-3484C93E35B5}"
EndProject
Project("{2150E333-8FDC-42A3-9474-1A3956D46DE8}") = "Capitolo 15", "Capitolo 15", "{EEDA57DD-471F-49A4-89F2-94A2503A0B8F}"
EndProject
Project("{FAE04EC0-301F-11D3-BF4B-00C04F79EFBC}") = "DatabaseWindowsForms", "Capitolo 15\DatabaseWindowsForms\DatabaseWindowsForms.csproj", "{FBFAB0E5-B87F-4AC2-9AC9-AA44323CD68B}"
EndProject
Project("{FAE04EC0-301F-11D3-BF4B-00C04F79EFBC}") = "LinqToSql", "Capitolo 15\LinqToSql\LinqToSql.csproj", "{E38F1D4D-1599-431E-86A9-E2F5B535A927}"
EndProject
Project("{FAE04EC0-301F-11D3-BF4B-00C04F79EFBC}") = "EFDatabaseFirst", "Capitolo 15\EFDatabaseFirst\EFDatabaseFirst.csproj", "{012176EA-149F-4442-B91A-0795905C8F19}"
EndProject
Project("{FAE04EC0-301F-11D3-BF4B-00C04F79EFBC}") = "EFCodeFirst", "Capitolo 15\EFCodeFirst\EFCodeFirst.csproj", "{B122548C-2133-489E-BC5E-137247373E6C}"
EndProject
Project("{FAE04EC0-301F-11D3-BF4B-00C04F79EFBC}") = "EFCodeFirstApplication", "Capitolo 15\EFCodeFirstApplication\EFCodeFirstApplication.csproj", "{E4CB90DF-1EF2-4504-9C6D-088457194317}"
EndProject
Project("{FAE04EC0-301F-11D3-BF4B-00C04F79EFBC}") = "EFModelFirst", "Capitolo 15\EFModelFirst\EFModelFirst.csproj", "{A088306F-40F8-4A9D-857C-591C7058A96C}"
EndProject
Project("{2150E333-8FDC-42A3-9474-1A3956D46DE8}") = "Capitolo 16", "Capitolo 16", "{6C4DA1AE-7782-49A4-8890-AEBFE8F11D83}"
EndProject
Project("{FAE04EC0-301F-11D3-BF4B-00C04F79EFBC}") = "HelloWorld", "Capitolo 16\HelloWorld\HelloWorld.csproj", "{1E83A3F7-C6EA-4232-89DA-519B89D59914}"
EndProject
Project("{FAE04EC0-301F-11D3-BF4B-00C04F79EFBC}") = "System.Object", "Capitolo 3\System.Object\System.Object.csproj", "{8CF01DD6-6852-44E2-B960-764B48B5E362}"
EndProject
Global
	GlobalSection(SolutionConfigurationPlatforms) = preSolution
		Debug|Any CPU = Debug|Any CPU
		Debug|ARM = Debug|ARM
		Debug|x64 = Debug|x64
		Debug|x86 = Debug|x86
		Release|Any CPU = Release|Any CPU
		Release|ARM = Release|ARM
		Release|x64 = Release|x64
		Release|x86 = Release|x86
	EndGlobalSection
	GlobalSection(ProjectConfigurationPlatforms) = postSolution
		{64004E46-92B2-4025-A3F2-CD0C74F9261C}.Debug|Any CPU.ActiveCfg = Debug|Any CPU
		{64004E46-92B2-4025-A3F2-CD0C74F9261C}.Debug|Any CPU.Build.0 = Debug|Any CPU
		{64004E46-92B2-4025-A3F2-CD0C74F9261C}.Debug|ARM.ActiveCfg = Debug|Any CPU
		{64004E46-92B2-4025-A3F2-CD0C74F9261C}.Debug|ARM.Build.0 = Debug|Any CPU
		{64004E46-92B2-4025-A3F2-CD0C74F9261C}.Debug|x64.ActiveCfg = Debug|Any CPU
		{64004E46-92B2-4025-A3F2-CD0C74F9261C}.Debug|x64.Build.0 = Debug|Any CPU
		{64004E46-92B2-4025-A3F2-CD0C74F9261C}.Debug|x86.ActiveCfg = Debug|Any CPU
		{64004E46-92B2-4025-A3F2-CD0C74F9261C}.Debug|x86.Build.0 = Debug|Any CPU
		{64004E46-92B2-4025-A3F2-CD0C74F9261C}.Release|Any CPU.ActiveCfg = Release|Any CPU
		{64004E46-92B2-4025-A3F2-CD0C74F9261C}.Release|Any CPU.Build.0 = Release|Any CPU
		{64004E46-92B2-4025-A3F2-CD0C74F9261C}.Release|ARM.ActiveCfg = Release|Any CPU
		{64004E46-92B2-4025-A3F2-CD0C74F9261C}.Release|ARM.Build.0 = Release|Any CPU
		{64004E46-92B2-4025-A3F2-CD0C74F9261C}.Release|x64.ActiveCfg = Release|Any CPU
		{64004E46-92B2-4025-A3F2-CD0C74F9261C}.Release|x64.Build.0 = Release|Any CPU
		{64004E46-92B2-4025-A3F2-CD0C74F9261C}.Release|x86.ActiveCfg = Release|Any CPU
		{64004E46-92B2-4025-A3F2-CD0C74F9261C}.Release|x86.Build.0 = Release|Any CPU
		{EB839CD4-DBDC-4281-AD22-648F63689B8F}.Debug|Any CPU.ActiveCfg = Debug|Any CPU
		{EB839CD4-DBDC-4281-AD22-648F63689B8F}.Debug|Any CPU.Build.0 = Debug|Any CPU
		{EB839CD4-DBDC-4281-AD22-648F63689B8F}.Debug|ARM.ActiveCfg = Debug|Any CPU
		{EB839CD4-DBDC-4281-AD22-648F63689B8F}.Debug|ARM.Build.0 = Debug|Any CPU
		{EB839CD4-DBDC-4281-AD22-648F63689B8F}.Debug|x64.ActiveCfg = Debug|Any CPU
		{EB839CD4-DBDC-4281-AD22-648F63689B8F}.Debug|x64.Build.0 = Debug|Any CPU
		{EB839CD4-DBDC-4281-AD22-648F63689B8F}.Debug|x86.ActiveCfg = Debug|Any CPU
		{EB839CD4-DBDC-4281-AD22-648F63689B8F}.Debug|x86.Build.0 = Debug|Any CPU
		{EB839CD4-DBDC-4281-AD22-648F63689B8F}.Release|Any CPU.ActiveCfg = Release|Any CPU
		{EB839CD4-DBDC-4281-AD22-648F63689B8F}.Release|Any CPU.Build.0 = Release|Any CPU
		{EB839CD4-DBDC-4281-AD22-648F63689B8F}.Release|ARM.ActiveCfg = Release|Any CPU
		{EB839CD4-DBDC-4281-AD22-648F63689B8F}.Release|ARM.Build.0 = Release|Any CPU
		{EB839CD4-DBDC-4281-AD22-648F63689B8F}.Release|x64.ActiveCfg = Release|Any CPU
		{EB839CD4-DBDC-4281-AD22-648F63689B8F}.Release|x64.Build.0 = Release|Any CPU
		{EB839CD4-DBDC-4281-AD22-648F63689B8F}.Release|x86.ActiveCfg = Release|Any CPU
		{EB839CD4-DBDC-4281-AD22-648F63689B8F}.Release|x86.Build.0 = Release|Any CPU
		{05F8B98D-1BF9-4F8E-8556-C1CFD8648103}.Debug|Any CPU.ActiveCfg = Debug|Any CPU
		{05F8B98D-1BF9-4F8E-8556-C1CFD8648103}.Debug|Any CPU.Build.0 = Debug|Any CPU
		{05F8B98D-1BF9-4F8E-8556-C1CFD8648103}.Debug|ARM.ActiveCfg = Debug|Any CPU
		{05F8B98D-1BF9-4F8E-8556-C1CFD8648103}.Debug|ARM.Build.0 = Debug|Any CPU
		{05F8B98D-1BF9-4F8E-8556-C1CFD8648103}.Debug|x64.ActiveCfg = Debug|Any CPU
		{05F8B98D-1BF9-4F8E-8556-C1CFD8648103}.Debug|x64.Build.0 = Debug|Any CPU
		{05F8B98D-1BF9-4F8E-8556-C1CFD8648103}.Debug|x86.ActiveCfg = Debug|Any CPU
		{05F8B98D-1BF9-4F8E-8556-C1CFD8648103}.Debug|x86.Build.0 = Debug|Any CPU
		{05F8B98D-1BF9-4F8E-8556-C1CFD8648103}.Release|Any CPU.ActiveCfg = Release|Any CPU
		{05F8B98D-1BF9-4F8E-8556-C1CFD8648103}.Release|Any CPU.Build.0 = Release|Any CPU
		{05F8B98D-1BF9-4F8E-8556-C1CFD8648103}.Release|ARM.ActiveCfg = Release|Any CPU
		{05F8B98D-1BF9-4F8E-8556-C1CFD8648103}.Release|ARM.Build.0 = Release|Any CPU
		{05F8B98D-1BF9-4F8E-8556-C1CFD8648103}.Release|x64.ActiveCfg = Release|Any CPU
		{05F8B98D-1BF9-4F8E-8556-C1CFD8648103}.Release|x64.Build.0 = Release|Any CPU
		{05F8B98D-1BF9-4F8E-8556-C1CFD8648103}.Release|x86.ActiveCfg = Release|Any CPU
		{05F8B98D-1BF9-4F8E-8556-C1CFD8648103}.Release|x86.Build.0 = Release|Any CPU
		{08C4AB97-ECF8-4AB4-A572-3B73384C3568}.Debug|Any CPU.ActiveCfg = Debug|Any CPU
		{08C4AB97-ECF8-4AB4-A572-3B73384C3568}.Debug|Any CPU.Build.0 = Debug|Any CPU
		{08C4AB97-ECF8-4AB4-A572-3B73384C3568}.Debug|ARM.ActiveCfg = Debug|Any CPU
		{08C4AB97-ECF8-4AB4-A572-3B73384C3568}.Debug|ARM.Build.0 = Debug|Any CPU
		{08C4AB97-ECF8-4AB4-A572-3B73384C3568}.Debug|x64.ActiveCfg = Debug|Any CPU
		{08C4AB97-ECF8-4AB4-A572-3B73384C3568}.Debug|x64.Build.0 = Debug|Any CPU
		{08C4AB97-ECF8-4AB4-A572-3B73384C3568}.Debug|x86.ActiveCfg = Debug|Any CPU
		{08C4AB97-ECF8-4AB4-A572-3B73384C3568}.Debug|x86.Build.0 = Debug|Any CPU
		{08C4AB97-ECF8-4AB4-A572-3B73384C3568}.Release|Any CPU.ActiveCfg = Release|Any CPU
		{08C4AB97-ECF8-4AB4-A572-3B73384C3568}.Release|Any CPU.Build.0 = Release|Any CPU
		{08C4AB97-ECF8-4AB4-A572-3B73384C3568}.Release|ARM.ActiveCfg = Release|Any CPU
		{08C4AB97-ECF8-4AB4-A572-3B73384C3568}.Release|ARM.Build.0 = Release|Any CPU
		{08C4AB97-ECF8-4AB4-A572-3B73384C3568}.Release|x64.ActiveCfg = Release|Any CPU
		{08C4AB97-ECF8-4AB4-A572-3B73384C3568}.Release|x64.Build.0 = Release|Any CPU
		{08C4AB97-ECF8-4AB4-A572-3B73384C3568}.Release|x86.ActiveCfg = Release|Any CPU
		{08C4AB97-ECF8-4AB4-A572-3B73384C3568}.Release|x86.Build.0 = Release|Any CPU
		{61799C24-083A-478D-94FB-40149C68765E}.Debug|Any CPU.ActiveCfg = Debug|Any CPU
		{61799C24-083A-478D-94FB-40149C68765E}.Debug|Any CPU.Build.0 = Debug|Any CPU
		{61799C24-083A-478D-94FB-40149C68765E}.Debug|ARM.ActiveCfg = Debug|Any CPU
		{61799C24-083A-478D-94FB-40149C68765E}.Debug|ARM.Build.0 = Debug|Any CPU
		{61799C24-083A-478D-94FB-40149C68765E}.Debug|x64.ActiveCfg = Debug|Any CPU
		{61799C24-083A-478D-94FB-40149C68765E}.Debug|x64.Build.0 = Debug|Any CPU
		{61799C24-083A-478D-94FB-40149C68765E}.Debug|x86.ActiveCfg = Debug|Any CPU
		{61799C24-083A-478D-94FB-40149C68765E}.Debug|x86.Build.0 = Debug|Any CPU
		{61799C24-083A-478D-94FB-40149C68765E}.Release|Any CPU.ActiveCfg = Release|Any CPU
		{61799C24-083A-478D-94FB-40149C68765E}.Release|Any CPU.Build.0 = Release|Any CPU
		{61799C24-083A-478D-94FB-40149C68765E}.Release|ARM.ActiveCfg = Release|Any CPU
		{61799C24-083A-478D-94FB-40149C68765E}.Release|ARM.Build.0 = Release|Any CPU
		{61799C24-083A-478D-94FB-40149C68765E}.Release|x64.ActiveCfg = Release|Any CPU
		{61799C24-083A-478D-94FB-40149C68765E}.Release|x64.Build.0 = Release|Any CPU
		{61799C24-083A-478D-94FB-40149C68765E}.Release|x86.ActiveCfg = Release|Any CPU
		{61799C24-083A-478D-94FB-40149C68765E}.Release|x86.Build.0 = Release|Any CPU
		{8FFC6E24-F0E6-4A00-8942-5FAE590601AC}.Debug|Any CPU.ActiveCfg = Debug|Any CPU
		{8FFC6E24-F0E6-4A00-8942-5FAE590601AC}.Debug|Any CPU.Build.0 = Debug|Any CPU
		{8FFC6E24-F0E6-4A00-8942-5FAE590601AC}.Debug|ARM.ActiveCfg = Debug|Any CPU
		{8FFC6E24-F0E6-4A00-8942-5FAE590601AC}.Debug|ARM.Build.0 = Debug|Any CPU
		{8FFC6E24-F0E6-4A00-8942-5FAE590601AC}.Debug|x64.ActiveCfg = Debug|Any CPU
		{8FFC6E24-F0E6-4A00-8942-5FAE590601AC}.Debug|x64.Build.0 = Debug|Any CPU
		{8FFC6E24-F0E6-4A00-8942-5FAE590601AC}.Debug|x86.ActiveCfg = Debug|Any CPU
		{8FFC6E24-F0E6-4A00-8942-5FAE590601AC}.Debug|x86.Build.0 = Debug|Any CPU
		{8FFC6E24-F0E6-4A00-8942-5FAE590601AC}.Release|Any CPU.ActiveCfg = Release|Any CPU
		{8FFC6E24-F0E6-4A00-8942-5FAE590601AC}.Release|Any CPU.Build.0 = Release|Any CPU
		{8FFC6E24-F0E6-4A00-8942-5FAE590601AC}.Release|ARM.ActiveCfg = Release|Any CPU
		{8FFC6E24-F0E6-4A00-8942-5FAE590601AC}.Release|ARM.Build.0 = Release|Any CPU
		{8FFC6E24-F0E6-4A00-8942-5FAE590601AC}.Release|x64.ActiveCfg = Release|Any CPU
		{8FFC6E24-F0E6-4A00-8942-5FAE590601AC}.Release|x64.Build.0 = Release|Any CPU
		{8FFC6E24-F0E6-4A00-8942-5FAE590601AC}.Release|x86.ActiveCfg = Release|Any CPU
		{8FFC6E24-F0E6-4A00-8942-5FAE590601AC}.Release|x86.Build.0 = Release|Any CPU
		{9B604B86-B024-40EB-819A-3484C93E35B5}.Debug|Any CPU.ActiveCfg = Debug|Any CPU
		{9B604B86-B024-40EB-819A-3484C93E35B5}.Debug|Any CPU.Build.0 = Debug|Any CPU
		{9B604B86-B024-40EB-819A-3484C93E35B5}.Debug|ARM.ActiveCfg = Debug|Any CPU
		{9B604B86-B024-40EB-819A-3484C93E35B5}.Debug|ARM.Build.0 = Debug|Any CPU
		{9B604B86-B024-40EB-819A-3484C93E35B5}.Debug|x64.ActiveCfg = Debug|Any CPU
		{9B604B86-B024-40EB-819A-3484C93E35B5}.Debug|x64.Build.0 = Debug|Any CPU
		{9B604B86-B024-40EB-819A-3484C93E35B5}.Debug|x86.ActiveCfg = Debug|Any CPU
		{9B604B86-B024-40EB-819A-3484C93E35B5}.Debug|x86.Build.0 = Debug|Any CPU
		{9B604B86-B024-40EB-819A-3484C93E35B5}.Release|Any CPU.ActiveCfg = Release|Any CPU
		{9B604B86-B024-40EB-819A-3484C93E35B5}.Release|Any CPU.Build.0 = Release|Any CPU
		{9B604B86-B024-40EB-819A-3484C93E35B5}.Release|ARM.ActiveCfg = Release|Any CPU
		{9B604B86-B024-40EB-819A-3484C93E35B5}.Release|ARM.Build.0 = Release|Any CPU
		{9B604B86-B024-40EB-819A-3484C93E35B5}.Release|x64.ActiveCfg = Release|Any CPU
		{9B604B86-B024-40EB-819A-3484C93E35B5}.Release|x64.Build.0 = Release|Any CPU
		{9B604B86-B024-40EB-819A-3484C93E35B5}.Release|x86.ActiveCfg = Release|Any CPU
		{9B604B86-B024-40EB-819A-3484C93E35B5}.Release|x86.Build.0 = Release|Any CPU
		{FBFAB0E5-B87F-4AC2-9AC9-AA44323CD68B}.Debug|Any CPU.ActiveCfg = Debug|Any CPU
		{FBFAB0E5-B87F-4AC2-9AC9-AA44323CD68B}.Debug|Any CPU.Build.0 = Debug|Any CPU
		{FBFAB0E5-B87F-4AC2-9AC9-AA44323CD68B}.Debug|ARM.ActiveCfg = Debug|Any CPU
		{FBFAB0E5-B87F-4AC2-9AC9-AA44323CD68B}.Debug|ARM.Build.0 = Debug|Any CPU
		{FBFAB0E5-B87F-4AC2-9AC9-AA44323CD68B}.Debug|x64.ActiveCfg = Debug|Any CPU
		{FBFAB0E5-B87F-4AC2-9AC9-AA44323CD68B}.Debug|x64.Build.0 = Debug|Any CPU
		{FBFAB0E5-B87F-4AC2-9AC9-AA44323CD68B}.Debug|x86.ActiveCfg = Debug|Any CPU
		{FBFAB0E5-B87F-4AC2-9AC9-AA44323CD68B}.Debug|x86.Build.0 = Debug|Any CPU
		{FBFAB0E5-B87F-4AC2-9AC9-AA44323CD68B}.Release|Any CPU.ActiveCfg = Release|Any CPU
		{FBFAB0E5-B87F-4AC2-9AC9-AA44323CD68B}.Release|Any CPU.Build.0 = Release|Any CPU
		{FBFAB0E5-B87F-4AC2-9AC9-AA44323CD68B}.Release|ARM.ActiveCfg = Release|Any CPU
		{FBFAB0E5-B87F-4AC2-9AC9-AA44323CD68B}.Release|ARM.Build.0 = Release|Any CPU
		{FBFAB0E5-B87F-4AC2-9AC9-AA44323CD68B}.Release|x64.ActiveCfg = Release|Any CPU
		{FBFAB0E5-B87F-4AC2-9AC9-AA44323CD68B}.Release|x64.Build.0 = Release|Any CPU
		{FBFAB0E5-B87F-4AC2-9AC9-AA44323CD68B}.Release|x86.ActiveCfg = Release|Any CPU
		{FBFAB0E5-B87F-4AC2-9AC9-AA44323CD68B}.Release|x86.Build.0 = Release|Any CPU
		{E38F1D4D-1599-431E-86A9-E2F5B535A927}.Debug|Any CPU.ActiveCfg = Debug|Any CPU
		{E38F1D4D-1599-431E-86A9-E2F5B535A927}.Debug|Any CPU.Build.0 = Debug|Any CPU
		{E38F1D4D-1599-431E-86A9-E2F5B535A927}.Debug|ARM.ActiveCfg = Debug|Any CPU
		{E38F1D4D-1599-431E-86A9-E2F5B535A927}.Debug|ARM.Build.0 = Debug|Any CPU
		{E38F1D4D-1599-431E-86A9-E2F5B535A927}.Debug|x64.ActiveCfg = Debug|Any CPU
		{E38F1D4D-1599-431E-86A9-E2F5B535A927}.Debug|x64.Build.0 = Debug|Any CPU
		{E38F1D4D-1599-431E-86A9-E2F5B535A927}.Debug|x86.ActiveCfg = Debug|Any CPU
		{E38F1D4D-1599-431E-86A9-E2F5B535A927}.Debug|x86.Build.0 = Debug|Any CPU
		{E38F1D4D-1599-431E-86A9-E2F5B535A927}.Release|Any CPU.ActiveCfg = Release|Any CPU
		{E38F1D4D-1599-431E-86A9-E2F5B535A927}.Release|Any CPU.Build.0 = Release|Any CPU
		{E38F1D4D-1599-431E-86A9-E2F5B535A927}.Release|ARM.ActiveCfg = Release|Any CPU
		{E38F1D4D-1599-431E-86A9-E2F5B535A927}.Release|ARM.Build.0 = Release|Any CPU
		{E38F1D4D-1599-431E-86A9-E2F5B535A927}.Release|x64.ActiveCfg = Release|Any CPU
		{E38F1D4D-1599-431E-86A9-E2F5B535A927}.Release|x64.Build.0 = Release|Any CPU
		{E38F1D4D-1599-431E-86A9-E2F5B535A927}.Release|x86.ActiveCfg = Release|Any CPU
		{E38F1D4D-1599-431E-86A9-E2F5B535A927}.Release|x86.Build.0 = Release|Any CPU
		{012176EA-149F-4442-B91A-0795905C8F19}.Debug|Any CPU.ActiveCfg = Debug|Any CPU
		{012176EA-149F-4442-B91A-0795905C8F19}.Debug|Any CPU.Build.0 = Debug|Any CPU
		{012176EA-149F-4442-B91A-0795905C8F19}.Debug|ARM.ActiveCfg = Debug|Any CPU
		{012176EA-149F-4442-B91A-0795905C8F19}.Debug|ARM.Build.0 = Debug|Any CPU
		{012176EA-149F-4442-B91A-0795905C8F19}.Debug|x64.ActiveCfg = Debug|Any CPU
		{012176EA-149F-4442-B91A-0795905C8F19}.Debug|x64.Build.0 = Debug|Any CPU
		{012176EA-149F-4442-B91A-0795905C8F19}.Debug|x86.ActiveCfg = Debug|Any CPU
		{012176EA-149F-4442-B91A-0795905C8F19}.Debug|x86.Build.0 = Debug|Any CPU
		{012176EA-149F-4442-B91A-0795905C8F19}.Release|Any CPU.ActiveCfg = Release|Any CPU
		{012176EA-149F-4442-B91A-0795905C8F19}.Release|Any CPU.Build.0 = Release|Any CPU
		{012176EA-149F-4442-B91A-0795905C8F19}.Release|ARM.ActiveCfg = Release|Any CPU
		{012176EA-149F-4442-B91A-0795905C8F19}.Release|ARM.Build.0 = Release|Any CPU
		{012176EA-149F-4442-B91A-0795905C8F19}.Release|x64.ActiveCfg = Release|Any CPU
		{012176EA-149F-4442-B91A-0795905C8F19}.Release|x64.Build.0 = Release|Any CPU
		{012176EA-149F-4442-B91A-0795905C8F19}.Release|x86.ActiveCfg = Release|Any CPU
		{012176EA-149F-4442-B91A-0795905C8F19}.Release|x86.Build.0 = Release|Any CPU
		{B122548C-2133-489E-BC5E-137247373E6C}.Debug|Any CPU.ActiveCfg = Debug|Any CPU
		{B122548C-2133-489E-BC5E-137247373E6C}.Debug|Any CPU.Build.0 = Debug|Any CPU
		{B122548C-2133-489E-BC5E-137247373E6C}.Debug|ARM.ActiveCfg = Debug|Any CPU
		{B122548C-2133-489E-BC5E-137247373E6C}.Debug|ARM.Build.0 = Debug|Any CPU
		{B122548C-2133-489E-BC5E-137247373E6C}.Debug|x64.ActiveCfg = Debug|Any CPU
		{B122548C-2133-489E-BC5E-137247373E6C}.Debug|x64.Build.0 = Debug|Any CPU
		{B122548C-2133-489E-BC5E-137247373E6C}.Debug|x86.ActiveCfg = Debug|Any CPU
		{B122548C-2133-489E-BC5E-137247373E6C}.Debug|x86.Build.0 = Debug|Any CPU
		{B122548C-2133-489E-BC5E-137247373E6C}.Release|Any CPU.ActiveCfg = Release|Any CPU
		{B122548C-2133-489E-BC5E-137247373E6C}.Release|Any CPU.Build.0 = Release|Any CPU
		{B122548C-2133-489E-BC5E-137247373E6C}.Release|ARM.ActiveCfg = Release|Any CPU
		{B122548C-2133-489E-BC5E-137247373E6C}.Release|ARM.Build.0 = Release|Any CPU
		{B122548C-2133-489E-BC5E-137247373E6C}.Release|x64.ActiveCfg = Release|Any CPU
		{B122548C-2133-489E-BC5E-137247373E6C}.Release|x64.Build.0 = Release|Any CPU
		{B122548C-2133-489E-BC5E-137247373E6C}.Release|x86.ActiveCfg = Release|Any CPU
		{B122548C-2133-489E-BC5E-137247373E6C}.Release|x86.Build.0 = Release|Any CPU
		{E4CB90DF-1EF2-4504-9C6D-088457194317}.Debug|Any CPU.ActiveCfg = Debug|Any CPU
		{E4CB90DF-1EF2-4504-9C6D-088457194317}.Debug|Any CPU.Build.0 = Debug|Any CPU
		{E4CB90DF-1EF2-4504-9C6D-088457194317}.Debug|ARM.ActiveCfg = Debug|Any CPU
		{E4CB90DF-1EF2-4504-9C6D-088457194317}.Debug|ARM.Build.0 = Debug|Any CPU
		{E4CB90DF-1EF2-4504-9C6D-088457194317}.Debug|x64.ActiveCfg = Debug|Any CPU
		{E4CB90DF-1EF2-4504-9C6D-088457194317}.Debug|x64.Build.0 = Debug|Any CPU
		{E4CB90DF-1EF2-4504-9C6D-088457194317}.Debug|x86.ActiveCfg = Debug|Any CPU
		{E4CB90DF-1EF2-4504-9C6D-088457194317}.Debug|x86.Build.0 = Debug|Any CPU
		{E4CB90DF-1EF2-4504-9C6D-088457194317}.Release|Any CPU.ActiveCfg = Release|Any CPU
		{E4CB90DF-1EF2-4504-9C6D-088457194317}.Release|Any CPU.Build.0 = Release|Any CPU
		{E4CB90DF-1EF2-4504-9C6D-088457194317}.Release|ARM.ActiveCfg = Release|Any CPU
		{E4CB90DF-1EF2-4504-9C6D-088457194317}.Release|ARM.Build.0 = Release|Any CPU
		{E4CB90DF-1EF2-4504-9C6D-088457194317}.Release|x64.ActiveCfg = Release|Any CPU
		{E4CB90DF-1EF2-4504-9C6D-088457194317}.Release|x64.Build.0 = Release|Any CPU
		{E4CB90DF-1EF2-4504-9C6D-088457194317}.Release|x86.ActiveCfg = Release|Any CPU
		{E4CB90DF-1EF2-4504-9C6D-088457194317}.Release|x86.Build.0 = Release|Any CPU
		{A088306F-40F8-4A9D-857C-591C7058A96C}.Debug|Any CPU.ActiveCfg = Debug|Any CPU
		{A088306F-40F8-4A9D-857C-591C7058A96C}.Debug|Any CPU.Build.0 = Debug|Any CPU
		{A088306F-40F8-4A9D-857C-591C7058A96C}.Debug|ARM.ActiveCfg = Debug|Any CPU
		{A088306F-40F8-4A9D-857C-591C7058A96C}.Debug|ARM.Build.0 = Debug|Any CPU
		{A088306F-40F8-4A9D-857C-591C7058A96C}.Debug|x64.ActiveCfg = Debug|Any CPU
		{A088306F-40F8-4A9D-857C-591C7058A96C}.Debug|x64.Build.0 = Debug|Any CPU
		{A088306F-40F8-4A9D-857C-591C7058A96C}.Debug|x86.ActiveCfg = Debug|Any CPU
		{A088306F-40F8-4A9D-857C-591C7058A96C}.Debug|x86.Build.0 = Debug|Any CPU
		{A088306F-40F8-4A9D-857C-591C7058A96C}.Release|Any CPU.ActiveCfg = Release|Any CPU
		{A088306F-40F8-4A9D-857C-591C7058A96C}.Release|Any CPU.Build.0 = Release|Any CPU
		{A088306F-40F8-4A9D-857C-591C7058A96C}.Release|ARM.ActiveCfg = Release|Any CPU
		{A088306F-40F8-4A9D-857C-591C7058A96C}.Release|ARM.Build.0 = Release|Any CPU
		{A088306F-40F8-4A9D-857C-591C7058A96C}.Release|x64.ActiveCfg = Release|Any CPU
		{A088306F-40F8-4A9D-857C-591C7058A96C}.Release|x64.Build.0 = Release|Any CPU
		{A088306F-40F8-4A9D-857C-591C7058A96C}.Release|x86.ActiveCfg = Release|Any CPU
		{A088306F-40F8-4A9D-857C-591C7058A96C}.Release|x86.Build.0 = Release|Any CPU
		{1E83A3F7-C6EA-4232-89DA-519B89D59914}.Debug|Any CPU.ActiveCfg = Debug|x86
		{1E83A3F7-C6EA-4232-89DA-519B89D59914}.Debug|Any CPU.Build.0 = Debug|x86
		{1E83A3F7-C6EA-4232-89DA-519B89D59914}.Debug|Any CPU.Deploy.0 = Debug|x86
		{1E83A3F7-C6EA-4232-89DA-519B89D59914}.Debug|ARM.ActiveCfg = Debug|ARM
		{1E83A3F7-C6EA-4232-89DA-519B89D59914}.Debug|ARM.Build.0 = Debug|ARM
		{1E83A3F7-C6EA-4232-89DA-519B89D59914}.Debug|ARM.Deploy.0 = Debug|ARM
		{1E83A3F7-C6EA-4232-89DA-519B89D59914}.Debug|x64.ActiveCfg = Debug|x64
		{1E83A3F7-C6EA-4232-89DA-519B89D59914}.Debug|x64.Build.0 = Debug|x64
		{1E83A3F7-C6EA-4232-89DA-519B89D59914}.Debug|x64.Deploy.0 = Debug|x64
		{1E83A3F7-C6EA-4232-89DA-519B89D59914}.Debug|x86.ActiveCfg = Debug|x86
		{1E83A3F7-C6EA-4232-89DA-519B89D59914}.Debug|x86.Build.0 = Debug|x86
		{1E83A3F7-C6EA-4232-89DA-519B89D59914}.Debug|x86.Deploy.0 = Debug|x86
		{1E83A3F7-C6EA-4232-89DA-519B89D59914}.Release|Any CPU.ActiveCfg = Release|x86
		{1E83A3F7-C6EA-4232-89DA-519B89D59914}.Release|ARM.ActiveCfg = Release|ARM
		{1E83A3F7-C6EA-4232-89DA-519B89D59914}.Release|ARM.Build.0 = Release|ARM
		{1E83A3F7-C6EA-4232-89DA-519B89D59914}.Release|ARM.Deploy.0 = Release|ARM
		{1E83A3F7-C6EA-4232-89DA-519B89D59914}.Release|x64.ActiveCfg = Release|x64
		{1E83A3F7-C6EA-4232-89DA-519B89D59914}.Release|x64.Build.0 = Release|x64
		{1E83A3F7-C6EA-4232-89DA-519B89D59914}.Release|x64.Deploy.0 = Release|x64
		{1E83A3F7-C6EA-4232-89DA-519B89D59914}.Release|x86.ActiveCfg = Release|x86
		{1E83A3F7-C6EA-4232-89DA-519B89D59914}.Release|x86.Build.0 = Release|x86
		{1E83A3F7-C6EA-4232-89DA-519B89D59914}.Release|x86.Deploy.0 = Release|x86
		{8CF01DD6-6852-44E2-B960-764B48B5E362}.Debug|Any CPU.ActiveCfg = Debug|Any CPU
		{8CF01DD6-6852-44E2-B960-764B48B5E362}.Debug|Any CPU.Build.0 = Debug|Any CPU
		{8CF01DD6-6852-44E2-B960-764B48B5E362}.Debug|ARM.ActiveCfg = Debug|Any CPU
		{8CF01DD6-6852-44E2-B960-764B48B5E362}.Debug|ARM.Build.0 = Debug|Any CPU
		{8CF01DD6-6852-44E2-B960-764B48B5E362}.Debug|x64.ActiveCfg = Debug|Any CPU
		{8CF01DD6-6852-44E2-B960-764B48B5E362}.Debug|x64.Build.0 = Debug|Any CPU
		{8CF01DD6-6852-44E2-B960-764B48B5E362}.Debug|x86.ActiveCfg = Debug|Any CPU
		{8CF01DD6-6852-44E2-B960-764B48B5E362}.Debug|x86.Build.0 = Debug|Any CPU
		{8CF01DD6-6852-44E2-B960-764B48B5E362}.Release|Any CPU.ActiveCfg = Release|Any CPU
		{8CF01DD6-6852-44E2-B960-764B48B5E362}.Release|Any CPU.Build.0 = Release|Any CPU
		{8CF01DD6-6852-44E2-B960-764B48B5E362}.Release|ARM.ActiveCfg = Release|Any CPU
		{8CF01DD6-6852-44E2-B960-764B48B5E362}.Release|ARM.Build.0 = Release|Any CPU
		{8CF01DD6-6852-44E2-B960-764B48B5E362}.Release|x64.ActiveCfg = Release|Any CPU
		{8CF01DD6-6852-44E2-B960-764B48B5E362}.Release|x64.Build.0 = Release|Any CPU
		{8CF01DD6-6852-44E2-B960-764B48B5E362}.Release|x86.ActiveCfg = Release|Any CPU
		{8CF01DD6-6852-44E2-B960-764B48B5E362}.Release|x86.Build.0 = Release|Any CPU
	EndGlobalSection
	GlobalSection(SolutionProperties) = preSolution
		HideSolutionNode = FALSE
	EndGlobalSection
	GlobalSection(NestedProjects) = preSolution
		{64004E46-92B2-4025-A3F2-CD0C74F9261C} = {C78EB622-C69C-4379-B08B-EAB05F286A9E}
		{EB839CD4-DBDC-4281-AD22-648F63689B8F} = {C78EB622-C69C-4379-B08B-EAB05F286A9E}
		{05F8B98D-1BF9-4F8E-8556-C1CFD8648103} = {C78EB622-C69C-4379-B08B-EAB05F286A9E}
		{08C4AB97-ECF8-4AB4-A572-3B73384C3568} = {F699F7F9-F2B2-4984-9B52-2F9D363282DE}
		{61799C24-083A-478D-94FB-40149C68765E} = {A07DE2F2-9FDB-475B-BE6E-5C0062CC7DF1}
		{8FFC6E24-F0E6-4A00-8942-5FAE590601AC} = {DA38B038-2D35-4B52-88B1-3934604279C2}
		{9B604B86-B024-40EB-819A-3484C93E35B5} = {DDAB2063-11D5-481D-B566-4D603B0DB7E9}
		{FBFAB0E5-B87F-4AC2-9AC9-AA44323CD68B} = {EEDA57DD-471F-49A4-89F2-94A2503A0B8F}
		{E38F1D4D-1599-431E-86A9-E2F5B535A927} = {EEDA57DD-471F-49A4-89F2-94A2503A0B8F}
		{012176EA-149F-4442-B91A-0795905C8F19} = {EEDA57DD-471F-49A4-89F2-94A2503A0B8F}
		{B122548C-2133-489E-BC5E-137247373E6C} = {EEDA57DD-471F-49A4-89F2-94A2503A0B8F}
		{E4CB90DF-1EF2-4504-9C6D-088457194317} = {EEDA57DD-471F-49A4-89F2-94A2503A0B8F}
		{A088306F-40F8-4A9D-857C-591C7058A96C} = {EEDA57DD-471F-49A4-89F2-94A2503A0B8F}
		{1E83A3F7-C6EA-4232-89DA-519B89D59914} = {6C4DA1AE-7782-49A4-8890-AEBFE8F11D83}
		{8CF01DD6-6852-44E2-B960-764B48B5E362} = {F699F7F9-F2B2-4984-9B52-2F9D363282DE}
	EndGlobalSection
EndGlobal
